
Microsoft Visual Studio Solution File, Format Version 12.00
# Visual Studio Version 17
VisualStudioVersion = 17.10.35013.160
MinimumVisualStudioVersion = 10.0.40219.1
Project("{9A19103F-16F7-4668-BE54-9A1E7A4F7556}") = "NinjaTrader.Custom", "NinjaTrader.Custom.csproj", "{2675D417-50B1-4F86-9958-F348A3F10386}"
EndProject
Global
	GlobalSection(SolutionConfigurationPlatforms) = preSolution
		Debug|x64 = Debug|x64
		Release|x64 = Release|x64
	EndGlobalSection
	GlobalSection(ProjectConfigurationPlatforms) = postSolution
		{2675D417-50B1-4F86-9958-F348A3F10386}.Debug|x64.ActiveCfg = Debug|x64
		{2675D417-50B1-4F86-9958-F348A3F10386}.Debug|x64.Build.0 = Debug|x64
		{2675D417-50B1-4F86-9958-F348A3F10386}.Release|x64.ActiveCfg = Release|x64
		{2675D417-50B1-4F86-9958-F348A3F10386}.Release|x64.Build.0 = Release|x64
	EndGlobalSection
	GlobalSection(SolutionProperties) = preSolution
		HideSolutionNode = FALSE
	EndGlobalSection
	GlobalSection(ExtensibilityGlobals) = postSolution
		SolutionGuid = {227DDADF-47D5-4FB8-959F-973FA92D64D2}
	EndGlobalSection
EndGlobal
